// !$*UTF8*$!
{
	archiveVersion = 1;
	classes = {
	};
	objectVersion = 55;
	objects = {

/* Begin PBXBuildFile section */
		6B1CC64B2831618F0047C181 /* SbSCodable.swift in Sources */ = {isa = PBXBuildFile; fileRef = 6B1CC64A2831618F0047C181 /* SbSCodable.swift */; };
		6B7D0B9A283AFDBC006F784F /* SbSAccessControl.swift in Sources */ = {isa = PBXBuildFile; fileRef = 6B7D0B99283AFDBC006F784F /* SbSAccessControl.swift */; };
		6BBE5F61282D68860041B661 /* SwiftbySyndellApp.swift in Sources */ = {isa = PBXBuildFile; fileRef = 6BBE5F60282D68860041B661 /* SwiftbySyndellApp.swift */; };
		6BBE5F63282D68860041B661 /* ContentView.swift in Sources */ = {isa = PBXBuildFile; fileRef = 6BBE5F62282D68860041B661 /* ContentView.swift */; };
		6BBE5F65282D68870041B661 /* Assets.xcassets in Resources */ = {isa = PBXBuildFile; fileRef = 6BBE5F64282D68870041B661 /* Assets.xcassets */; };
		6BBE5F68282D68870041B661 /* Preview Assets.xcassets in Resources */ = {isa = PBXBuildFile; fileRef = 6BBE5F67282D68870041B661 /* Preview Assets.xcassets */; };
		6BBE5F72282D6CB40041B661 /* ContentViewModel.swift in Sources */ = {isa = PBXBuildFile; fileRef = 6BBE5F71282D6CB40041B661 /* ContentViewModel.swift */; };
		6BBE5F79282D6EF20041B661 /* GuideToTheSwiftUILayoutSystem.swift in Sources */ = {isa = PBXBuildFile; fileRef = 6BBE5F78282D6EF20041B661 /* GuideToTheSwiftUILayoutSystem.swift */; };
		6BBE5FC1282D99A90041B661 /* ModelData.swift in Sources */ = {isa = PBXBuildFile; fileRef = 6BBE5FC0282D99A90041B661 /* ModelData.swift */; };
		6BBE5FC3282D99BB0041B661 /* SwiftBySindelModel.swift in Sources */ = {isa = PBXBuildFile; fileRef = 6BBE5FC2282D99BB0041B661 /* SwiftBySindelModel.swift */; };
		6BBE5FC5282D99ED0041B661 /* swiftBySindelData.json in Resources */ = {isa = PBXBuildFile; fileRef = 6BBE5FC4282D99ED0041B661 /* swiftBySindelData.json */; };
		6BBE5FC7282D9A600041B661 /* ContentRow.swift in Sources */ = {isa = PBXBuildFile; fileRef = 6BBE5FC6282D9A600041B661 /* ContentRow.swift */; };
		6BBE5FCA282EE7CE0041B661 /* ExploreTheBasicOfSwiftUI.swift in Sources */ = {isa = PBXBuildFile; fileRef = 6BBE5FC9282EE7CE0041B661 /* ExploreTheBasicOfSwiftUI.swift */; };
		6BBE5FCD282F074A0041B661 /* SwiftUIStackAndSpacers.swift in Sources */ = {isa = PBXBuildFile; fileRef = 6BBE5FCC282F074A0041B661 /* SwiftUIStackAndSpacers.swift */; };
		6BBF082D2832E8F70008230A /* SbSEquality.swift in Sources */ = {isa = PBXBuildFile; fileRef = 6BBF082C2832E8F70008230A /* SbSEquality.swift */; };
		6BCD1BA5283539B300DE9F8E /* SbSLoops.swift in Sources */ = {isa = PBXBuildFile; fileRef = 6BCD1BA4283539B300DE9F8E /* SbSLoops.swift */; };
		6BCD86AF28384925005110C2 /* SbSAvailabilityChecks.swift in Sources */ = {isa = PBXBuildFile; fileRef = 6BCD86AE28384925005110C2 /* SbSAvailabilityChecks.swift */; };
/* End PBXBuildFile section */

/* Begin PBXFileReference section */
		6B1CC64A2831618F0047C181 /* SbSCodable.swift */ = {isa = PBXFileReference; lastKnownFileType = sourcecode.swift; path = SbSCodable.swift; sourceTree = "<group>"; };
		6B7D0B99283AFDBC006F784F /* SbSAccessControl.swift */ = {isa = PBXFileReference; lastKnownFileType = sourcecode.swift; path = SbSAccessControl.swift; sourceTree = "<group>"; };
		6BBE5F5D282D68860041B661 /* SwiftbySyndell.app */ = {isa = PBXFileReference; explicitFileType = wrapper.application; includeInIndex = 0; path = SwiftbySyndell.app; sourceTree = BUILT_PRODUCTS_DIR; };
		6BBE5F60282D68860041B661 /* SwiftbySyndellApp.swift */ = {isa = PBXFileReference; lastKnownFileType = sourcecode.swift; path = SwiftbySyndellApp.swift; sourceTree = "<group>"; };
		6BBE5F62282D68860041B661 /* ContentView.swift */ = {isa = PBXFileReference; lastKnownFileType = sourcecode.swift; path = ContentView.swift; sourceTree = "<group>"; };
		6BBE5F64282D68870041B661 /* Assets.xcassets */ = {isa = PBXFileReference; lastKnownFileType = folder.assetcatalog; path = Assets.xcassets; sourceTree = "<group>"; };
		6BBE5F67282D68870041B661 /* Preview Assets.xcassets */ = {isa = PBXFileReference; lastKnownFileType = folder.assetcatalog; path = "Preview Assets.xcassets"; sourceTree = "<group>"; };
		6BBE5F71282D6CB40041B661 /* ContentViewModel.swift */ = {isa = PBXFileReference; lastKnownFileType = sourcecode.swift; path = ContentViewModel.swift; sourceTree = "<group>"; };
		6BBE5F78282D6EF20041B661 /* GuideToTheSwiftUILayoutSystem.swift */ = {isa = PBXFileReference; lastKnownFileType = sourcecode.swift; path = GuideToTheSwiftUILayoutSystem.swift; sourceTree = "<group>"; };
		6BBE5FC0282D99A90041B661 /* ModelData.swift */ = {isa = PBXFileReference; fileEncoding = 4; lastKnownFileType = sourcecode.swift; path = ModelData.swift; sourceTree = "<group>"; };
		6BBE5FC2282D99BB0041B661 /* SwiftBySindelModel.swift */ = {isa = PBXFileReference; fileEncoding = 4; lastKnownFileType = sourcecode.swift; path = SwiftBySindelModel.swift; sourceTree = "<group>"; };
		6BBE5FC4282D99ED0041B661 /* swiftBySindelData.json */ = {isa = PBXFileReference; fileEncoding = 4; lastKnownFileType = text.json; path = swiftBySindelData.json; sourceTree = "<group>"; };
		6BBE5FC6282D9A600041B661 /* ContentRow.swift */ = {isa = PBXFileReference; lastKnownFileType = sourcecode.swift; path = ContentRow.swift; sourceTree = "<group>"; };
		6BBE5FC9282EE7CE0041B661 /* ExploreTheBasicOfSwiftUI.swift */ = {isa = PBXFileReference; lastKnownFileType = sourcecode.swift; path = ExploreTheBasicOfSwiftUI.swift; sourceTree = "<group>"; };
		6BBE5FCC282F074A0041B661 /* SwiftUIStackAndSpacers.swift */ = {isa = PBXFileReference; lastKnownFileType = sourcecode.swift; path = SwiftUIStackAndSpacers.swift; sourceTree = "<group>"; };
		6BBF082C2832E8F70008230A /* SbSEquality.swift */ = {isa = PBXFileReference; lastKnownFileType = sourcecode.swift; path = SbSEquality.swift; sourceTree = "<group>"; };
		6BCD1BA4283539B300DE9F8E /* SbSLoops.swift */ = {isa = PBXFileReference; lastKnownFileType = sourcecode.swift; path = SbSLoops.swift; sourceTree = "<group>"; };
		6BCD86AE28384925005110C2 /* SbSAvailabilityChecks.swift */ = {isa = PBXFileReference; lastKnownFileType = sourcecode.swift; path = SbSAvailabilityChecks.swift; sourceTree = "<group>"; };
/* End PBXFileReference section */

/* Begin PBXFrameworksBuildPhase section */
		6BBE5F5A282D68860041B661 /* Frameworks */ = {
			isa = PBXFrameworksBuildPhase;
			buildActionMask = 2147483647;
			files = (
			);
			runOnlyForDeploymentPostprocessing = 0;
		};
/* End PBXFrameworksBuildPhase section */

/* Begin PBXGroup section */
		6B1CC64628315E390047C181 /* Principal */ = {
			isa = PBXGroup;
			children = (
				6BBE5FBF282D99920041B661 /* Model */,
				6BBE5FBC282D99590041B661 /* Resources */,
				6BBE5F60282D68860041B661 /* SwiftbySyndellApp.swift */,
				6BBE5F62282D68860041B661 /* ContentView.swift */,
				6BBE5FC6282D9A600041B661 /* ContentRow.swift */,
				6BBE5F71282D6CB40041B661 /* ContentViewModel.swift */,
			);
			path = Principal;
			sourceTree = "<group>";
		};
		6B1CC6472831612C0047C181 /* SbSCodable */ = {
			isa = PBXGroup;
			children = (
				6B1CC64A2831618F0047C181 /* SbSCodable.swift */,
			);
			path = SbSCodable;
			sourceTree = "<group>";
		};
		6B7D0B96283AFCD8006F784F /* SbSAccessControl */ = {
			isa = PBXGroup;
			children = (
				6B7D0B99283AFDBC006F784F /* SbSAccessControl.swift */,
			);
			path = SbSAccessControl;
			sourceTree = "<group>";
		};
		6BBE5F54282D68860041B661 = {
			isa = PBXGroup;
			children = (
				6BBE5F5F282D68860041B661 /* SwiftbySyndell */,
				6BBE5F5E282D68860041B661 /* Products */,
			);
			sourceTree = "<group>";
		};
		6BBE5F5E282D68860041B661 /* Products */ = {
			isa = PBXGroup;
			children = (
				6BBE5F5D282D68860041B661 /* SwiftbySyndell.app */,
			);
			name = Products;
			sourceTree = "<group>";
		};
		6BBE5F5F282D68860041B661 /* SwiftbySyndell */ = {
			isa = PBXGroup;
			children = (
				6B7D0B96283AFCD8006F784F /* SbSAccessControl */,
				6BCD86AD28384900005110C2 /* SbSAvailabilityChecks */,
				6BCD1BA3283539A000DE9F8E /* SbSLoops */,
				6BBF082B2832E8BF0008230A /* SbSEquality */,
				6B1CC6472831612C0047C181 /* SbSCodable */,
				6B1CC64628315E390047C181 /* Principal */,
				6BBE5FCB282F04380041B661 /* SwiftUIStackAndSpacers */,
				6BBE5FC8282EE7900041B661 /* ExploreTheBasicOfSwiftUI */,
				6BBE5F6E282D68930041B661 /* GuideToTheSwiftUILayoutSystem */,
				6BBE5F64282D68870041B661 /* Assets.xcassets */,
				6BBE5F66282D68870041B661 /* Preview Content */,
			);
			path = SwiftbySyndell;
			sourceTree = "<group>";
		};
		6BBE5F66282D68870041B661 /* Preview Content */ = {
			isa = PBXGroup;
			children = (
				6BBE5F67282D68870041B661 /* Preview Assets.xcassets */,
			);
			path = "Preview Content";
			sourceTree = "<group>";
		};
		6BBE5F6E282D68930041B661 /* GuideToTheSwiftUILayoutSystem */ = {
			isa = PBXGroup;
			children = (
				6BBE5F78282D6EF20041B661 /* GuideToTheSwiftUILayoutSystem.swift */,
			);
			path = GuideToTheSwiftUILayoutSystem;
			sourceTree = "<group>";
		};
		6BBE5FBC282D99590041B661 /* Resources */ = {
			isa = PBXGroup;
			children = (
				6BBE5FC4282D99ED0041B661 /* swiftBySindelData.json */,
			);
			path = Resources;
			sourceTree = "<group>";
		};
		6BBE5FBF282D99920041B661 /* Model */ = {
			isa = PBXGroup;
			children = (
				6BBE5FC2282D99BB0041B661 /* SwiftBySindelModel.swift */,
				6BBE5FC0282D99A90041B661 /* ModelData.swift */,
			);
			path = Model;
			sourceTree = "<group>";
		};
		6BBE5FC8282EE7900041B661 /* ExploreTheBasicOfSwiftUI */ = {
			isa = PBXGroup;
			children = (
				6BBE5FC9282EE7CE0041B661 /* ExploreTheBasicOfSwiftUI.swift */,
			);
			path = ExploreTheBasicOfSwiftUI;
			sourceTree = "<group>";
		};
		6BBE5FCB282F04380041B661 /* SwiftUIStackAndSpacers */ = {
			isa = PBXGroup;
			children = (
				6BBE5FCC282F074A0041B661 /* SwiftUIStackAndSpacers.swift */,
			);
			path = SwiftUIStackAndSpacers;
			sourceTree = "<group>";
		};
		6BBF082B2832E8BF0008230A /* SbSEquality */ = {
			isa = PBXGroup;
			children = (
				6BBF082C2832E8F70008230A /* SbSEquality.swift */,
			);
			path = SbSEquality;
			sourceTree = "<group>";
		};
		6BCD1BA3283539A000DE9F8E /* SbSLoops */ = {
			isa = PBXGroup;
			children = (
				6BCD1BA4283539B300DE9F8E /* SbSLoops.swift */,
			);
			path = SbSLoops;
			sourceTree = "<group>";
		};
		6BCD86AD28384900005110C2 /* SbSAvailabilityChecks */ = {
			isa = PBXGroup;
			children = (
				6BCD86AE28384925005110C2 /* SbSAvailabilityChecks.swift */,
			);
			path = SbSAvailabilityChecks;
			sourceTree = "<group>";
		};
/* End PBXGroup section */

/* Begin PBXNativeTarget section */
		6BBE5F5C282D68860041B661 /* SwiftbySyndell */ = {
			isa = PBXNativeTarget;
			buildConfigurationList = 6BBE5F6B282D68870041B661 /* Build configuration list for PBXNativeTarget "SwiftbySyndell" */;
			buildPhases = (
				6BBE5F59282D68860041B661 /* Sources */,
				6BBE5F5A282D68860041B661 /* Frameworks */,
				6BBE5F5B282D68860041B661 /* Resources */,
			);
			buildRules = (
			);
			dependencies = (
			);
			name = SwiftbySyndell;
			productName = SwiftbySyndell;
			productReference = 6BBE5F5D282D68860041B661 /* SwiftbySyndell.app */;
			productType = "com.apple.product-type.application";
		};
/* End PBXNativeTarget section */

/* Begin PBXProject section */
		6BBE5F55282D68860041B661 /* Project object */ = {
			isa = PBXProject;
			attributes = {
				BuildIndependentTargetsInParallel = 1;
				LastSwiftUpdateCheck = 1330;
				LastUpgradeCheck = 1330;
				TargetAttributes = {
					6BBE5F5C282D68860041B661 = {
						CreatedOnToolsVersion = 13.3.1;
					};
				};
			};
			buildConfigurationList = 6BBE5F58282D68860041B661 /* Build configuration list for PBXProject "SwiftbySyndell" */;
			compatibilityVersion = "Xcode 13.0";
			developmentRegion = en;
			hasScannedForEncodings = 0;
			knownRegions = (
				en,
				Base,
			);
			mainGroup = 6BBE5F54282D68860041B661;
			productRefGroup = 6BBE5F5E282D68860041B661 /* Products */;
			projectDirPath = "";
			projectRoot = "";
			targets = (
				6BBE5F5C282D68860041B661 /* SwiftbySyndell */,
			);
		};
/* End PBXProject section */

/* Begin PBXResourcesBuildPhase section */
		6BBE5F5B282D68860041B661 /* Resources */ = {
			isa = PBXResourcesBuildPhase;
			buildActionMask = 2147483647;
			files = (
				6BBE5F68282D68870041B661 /* Preview Assets.xcassets in Resources */,
				6BBE5F65282D68870041B661 /* Assets.xcassets in Resources */,
				6BBE5FC5282D99ED0041B661 /* swiftBySindelData.json in Resources */,
			);
			runOnlyForDeploymentPostprocessing = 0;
		};
/* End PBXResourcesBuildPhase section */

/* Begin PBXSourcesBuildPhase section */
		6BBE5F59282D68860041B661 /* Sources */ = {
			isa = PBXSourcesBuildPhase;
			buildActionMask = 2147483647;
			files = (
				6BBE5F63282D68860041B661 /* ContentView.swift in Sources */,
				6BCD86AF28384925005110C2 /* SbSAvailabilityChecks.swift in Sources */,
				6BBE5F61282D68860041B661 /* SwiftbySyndellApp.swift in Sources */,
				6B1CC64B2831618F0047C181 /* SbSCodable.swift in Sources */,
				6BCD1BA5283539B300DE9F8E /* SbSLoops.swift in Sources */,
				6BBE5FC3282D99BB0041B661 /* SwiftBySindelModel.swift in Sources */,
				6B7D0B9A283AFDBC006F784F /* SbSAccessControl.swift in Sources */,
				6BBE5FCA282EE7CE0041B661 /* ExploreTheBasicOfSwiftUI.swift in Sources */,
				6BBE5FC7282D9A600041B661 /* ContentRow.swift in Sources */,
				6BBE5F72282D6CB40041B661 /* ContentViewModel.swift in Sources */,
				6BBE5F79282D6EF20041B661 /* GuideToTheSwiftUILayoutSystem.swift in Sources */,
				6BBE5FCD282F074A0041B661 /* SwiftUIStackAndSpacers.swift in Sources */,
				6BBF082D2832E8F70008230A /* SbSEquality.swift in Sources */,
				6BBE5FC1282D99A90041B661 /* ModelData.swift in Sources */,
			);
			runOnlyForDeploymentPostprocessing = 0;
		};
/* End PBXSourcesBuildPhase section */

/* Begin XCBuildConfiguration section */
		6BBE5F69282D68870041B661 /* Debug */ = {
			isa = XCBuildConfiguration;
			buildSettings = {
				ALWAYS_SEARCH_USER_PATHS = NO;
				CLANG_ANALYZER_NONNULL = YES;
				CLANG_ANALYZER_NUMBER_OBJECT_CONVERSION = YES_AGGRESSIVE;
				CLANG_CXX_LANGUAGE_STANDARD = "gnu++17";
				CLANG_ENABLE_MODULES = YES;
				CLANG_ENABLE_OBJC_ARC = YES;
				CLANG_ENABLE_OBJC_WEAK = YES;
				CLANG_WARN_BLOCK_CAPTURE_AUTORELEASING = YES;
				CLANG_WARN_BOOL_CONVERSION = YES;
				CLANG_WARN_COMMA = YES;
				CLANG_WARN_CONSTANT_CONVERSION = YES;
				CLANG_WARN_DEPRECATED_OBJC_IMPLEMENTATIONS = YES;
				CLANG_WARN_DIRECT_OBJC_ISA_USAGE = YES_ERROR;
				CLANG_WARN_DOCUMENTATION_COMMENTS = YES;
				CLANG_WARN_EMPTY_BODY = YES;
				CLANG_WARN_ENUM_CONVERSION = YES;
				CLANG_WARN_INFINITE_RECURSION = YES;
				CLANG_WARN_INT_CONVERSION = YES;
				CLANG_WARN_NON_LITERAL_NULL_CONVERSION = YES;
				CLANG_WARN_OBJC_IMPLICIT_RETAIN_SELF = YES;
				CLANG_WARN_OBJC_LITERAL_CONVERSION = YES;
				CLANG_WARN_OBJC_ROOT_CLASS = YES_ERROR;
				CLANG_WARN_QUOTED_INCLUDE_IN_FRAMEWORK_HEADER = YES;
				CLANG_WARN_RANGE_LOOP_ANALYSIS = YES;
				CLANG_WARN_STRICT_PROTOTYPES = YES;
				CLANG_WARN_SUSPICIOUS_MOVE = YES;
				CLANG_WARN_UNGUARDED_AVAILABILITY = YES_AGGRESSIVE;
				CLANG_WARN_UNREACHABLE_CODE = YES;
				CLANG_WARN__DUPLICATE_METHOD_MATCH = YES;
				COPY_PHASE_STRIP = NO;
				DEBUG_INFORMATION_FORMAT = dwarf;
				ENABLE_STRICT_OBJC_MSGSEND = YES;
				ENABLE_TESTABILITY = YES;
				GCC_C_LANGUAGE_STANDARD = gnu11;
				GCC_DYNAMIC_NO_PIC = NO;
				GCC_NO_COMMON_BLOCKS = YES;
				GCC_OPTIMIZATION_LEVEL = 0;
				GCC_PREPROCESSOR_DEFINITIONS = (
					"DEBUG=1",
					"$(inherited)",
				);
				GCC_WARN_64_TO_32_BIT_CONVERSION = YES;
				GCC_WARN_ABOUT_RETURN_TYPE = YES_ERROR;
				GCC_WARN_UNDECLARED_SELECTOR = YES;
				GCC_WARN_UNINITIALIZED_AUTOS = YES_AGGRESSIVE;
				GCC_WARN_UNUSED_FUNCTION = YES;
				GCC_WARN_UNUSED_VARIABLE = YES;
				IPHONEOS_DEPLOYMENT_TARGET = 15.4;
				MTL_ENABLE_DEBUG_INFO = INCLUDE_SOURCE;
				MTL_FAST_MATH = YES;
				ONLY_ACTIVE_ARCH = YES;
				SDKROOT = iphoneos;
				SWIFT_ACTIVE_COMPILATION_CONDITIONS = DEBUG;
				SWIFT_OPTIMIZATION_LEVEL = "-Onone";
			};
			name = Debug;
		};
		6BBE5F6A282D68870041B661 /* Release */ = {
			isa = XCBuildConfiguration;
			buildSettings = {
				ALWAYS_SEARCH_USER_PATHS = NO;
				CLANG_ANALYZER_NONNULL = YES;
				CLANG_ANALYZER_NUMBER_OBJECT_CONVERSION = YES_AGGRESSIVE;
				CLANG_CXX_LANGUAGE_STANDARD = "gnu++17";
				CLANG_ENABLE_MODULES = YES;
				CLANG_ENABLE_OBJC_ARC = YES;
				CLANG_ENABLE_OBJC_WEAK = YES;
				CLANG_WARN_BLOCK_CAPTURE_AUTORELEASING = YES;
				CLANG_WARN_BOOL_CONVERSION = YES;
				CLANG_WARN_COMMA = YES;
				CLANG_WARN_CONSTANT_CONVERSION = YES;
				CLANG_WARN_DEPRECATED_OBJC_IMPLEMENTATIONS = YES;
				CLANG_WARN_DIRECT_OBJC_ISA_USAGE = YES_ERROR;
				CLANG_WARN_DOCUMENTATION_COMMENTS = YES;
				CLANG_WARN_EMPTY_BODY = YES;
				CLANG_WARN_ENUM_CONVERSION = YES;
				CLANG_WARN_INFINITE_RECURSION = YES;
				CLANG_WARN_INT_CONVERSION = YES;
				CLANG_WARN_NON_LITERAL_NULL_CONVERSION = YES;
				CLANG_WARN_OBJC_IMPLICIT_RETAIN_SELF = YES;
				CLANG_WARN_OBJC_LITERAL_CONVERSION = YES;
				CLANG_WARN_OBJC_ROOT_CLASS = YES_ERROR;
				CLANG_WARN_QUOTED_INCLUDE_IN_FRAMEWORK_HEADER = YES;
				CLANG_WARN_RANGE_LOOP_ANALYSIS = YES;
				CLANG_WARN_STRICT_PROTOTYPES = YES;
				CLANG_WARN_SUSPICIOUS_MOVE = YES;
				CLANG_WARN_UNGUARDED_AVAILABILITY = YES_AGGRESSIVE;
				CLANG_WARN_UNREACHABLE_CODE = YES;
				CLANG_WARN__DUPLICATE_METHOD_MATCH = YES;
				COPY_PHASE_STRIP = NO;
				DEBUG_INFORMATION_FORMAT = "dwarf-with-dsym";
				ENABLE_NS_ASSERTIONS = NO;
				ENABLE_STRICT_OBJC_MSGSEND = YES;
				GCC_C_LANGUAGE_STANDARD = gnu11;
				GCC_NO_COMMON_BLOCKS = YES;
				GCC_WARN_64_TO_32_BIT_CONVERSION = YES;
				GCC_WARN_ABOUT_RETURN_TYPE = YES_ERROR;
				GCC_WARN_UNDECLARED_SELECTOR = YES;
				GCC_WARN_UNINITIALIZED_AUTOS = YES_AGGRESSIVE;
				GCC_WARN_UNUSED_FUNCTION = YES;
				GCC_WARN_UNUSED_VARIABLE = YES;
				IPHONEOS_DEPLOYMENT_TARGET = 15.4;
				MTL_ENABLE_DEBUG_INFO = NO;
				MTL_FAST_MATH = YES;
				SDKROOT = iphoneos;
				SWIFT_COMPILATION_MODE = wholemodule;
				SWIFT_OPTIMIZATION_LEVEL = "-O";
				VALIDATE_PRODUCT = YES;
			};
			name = Release;
		};
		6BBE5F6C282D68870041B661 /* Debug */ = {
			isa = XCBuildConfiguration;
			buildSettings = {
				ASSETCATALOG_COMPILER_APPICON_NAME = AppIcon;
				ASSETCATALOG_COMPILER_GLOBAL_ACCENT_COLOR_NAME = AccentColor;
				CODE_SIGN_STYLE = Automatic;
				CURRENT_PROJECT_VERSION = 1;
				DEVELOPMENT_ASSET_PATHS = "\"SwiftbySyndell/Preview Content\"";
				DEVELOPMENT_TEAM = X35VW9YGKS;
				ENABLE_PREVIEWS = YES;
				GENERATE_INFOPLIST_FILE = YES;
				INFOPLIST_KEY_UIApplicationSceneManifest_Generation = YES;
				INFOPLIST_KEY_UIApplicationSupportsIndirectInputEvents = YES;
				INFOPLIST_KEY_UILaunchScreen_Generation = YES;
				INFOPLIST_KEY_UISupportedInterfaceOrientations_iPad = "UIInterfaceOrientationPortrait UIInterfaceOrientationPortraitUpsideDown UIInterfaceOrientationLandscapeLeft UIInterfaceOrientationLandscapeRight";
				INFOPLIST_KEY_UISupportedInterfaceOrientations_iPhone = "UIInterfaceOrientationPortrait UIInterfaceOrientationLandscapeLeft UIInterfaceOrientationLandscapeRight";
				LD_RUNPATH_SEARCH_PATHS = (
					"$(inherited)",
					"@executable_path/Frameworks",
				);
				MARKETING_VERSION = 1.0;
				PRODUCT_BUNDLE_IDENTIFIER = Unikas.SwiftbySyndell;
				PRODUCT_NAME = "$(TARGET_NAME)";
				SWIFT_EMIT_LOC_STRINGS = YES;
				SWIFT_VERSION = 5.0;
				TARGETED_DEVICE_FAMILY = "1,2";
			};
			name = Debug;
		};
		6BBE5F6D282D68870041B661 /* Release */ = {
			isa = XCBuildConfiguration;
			buildSettings = {
				ASSETCATALOG_COMPILER_APPICON_NAME = AppIcon;
				ASSETCATALOG_COMPILER_GLOBAL_ACCENT_COLOR_NAME = AccentColor;
				CODE_SIGN_STYLE = Automatic;
				CURRENT_PROJECT_VERSION = 1;
				DEVELOPMENT_ASSET_PATHS = "\"SwiftbySyndell/Preview Content\"";
				DEVELOPMENT_TEAM = X35VW9YGKS;
				ENABLE_PREVIEWS = YES;
				GENERATE_INFOPLIST_FILE = YES;
				INFOPLIST_KEY_UIApplicationSceneManifest_Generation = YES;
				INFOPLIST_KEY_UIApplicationSupportsIndirectInputEvents = YES;
				INFOPLIST_KEY_UILaunchScreen_Generation = YES;
				INFOPLIST_KEY_UISupportedInterfaceOrientations_iPad = "UIInterfaceOrientationPortrait UIInterfaceOrientationPortraitUpsideDown UIInterfaceOrientationLandscapeLeft UIInterfaceOrientationLandscapeRight";
				INFOPLIST_KEY_UISupportedInterfaceOrientations_iPhone = "UIInterfaceOrientationPortrait UIInterfaceOrientationLandscapeLeft UIInterfaceOrientationLandscapeRight";
				LD_RUNPATH_SEARCH_PATHS = (
					"$(inherited)",
					"@executable_path/Frameworks",
				);
				MARKETING_VERSION = 1.0;
				PRODUCT_BUNDLE_IDENTIFIER = Unikas.SwiftbySyndell;
				PRODUCT_NAME = "$(TARGET_NAME)";
				SWIFT_EMIT_LOC_STRINGS = YES;
				SWIFT_VERSION = 5.0;
				TARGETED_DEVICE_FAMILY = "1,2";
			};
			name = Release;
		};
/* End XCBuildConfiguration section */

/* Begin XCConfigurationList section */
		6BBE5F58282D68860041B661 /* Build configuration list for PBXProject "SwiftbySyndell" */ = {
			isa = XCConfigurationList;
			buildConfigurations = (
				6BBE5F69282D68870041B661 /* Debug */,
				6BBE5F6A282D68870041B661 /* Release */,
			);
			defaultConfigurationIsVisible = 0;
			defaultConfigurationName = Release;
		};
		6BBE5F6B282D68870041B661 /* Build configuration list for PBXNativeTarget "SwiftbySyndell" */ = {
			isa = XCConfigurationList;
			buildConfigurations = (
				6BBE5F6C282D68870041B661 /* Debug */,
				6BBE5F6D282D68870041B661 /* Release */,
			);
			defaultConfigurationIsVisible = 0;
			defaultConfigurationName = Release;
		};
/* End XCConfigurationList section */
	};
	rootObject = 6BBE5F55282D68860041B661 /* Project object */;
}
